
Microsoft Visual Studio Solution File, Format Version 12.00
# Visual Studio Version 17
VisualStudioVersion = 17.14.36401.2 d17.14
MinimumVisualStudioVersion = 10.0.40219.1
Project("{FAE04EC0-301F-11D3-BF4B-00C04F79EFBC}") = "Grid_Interfaces", "Grid_Interfaces.csproj", "{C4D8ABAA-A775-4A9C-A51F-84AA0C15C9FC}"
EndProject
Global
	GlobalSection(SolutionConfigurationPlatforms) = preSolution
		Debug|Any CPU = Debug|Any CPU
		Release|Any CPU = Release|Any CPU
	EndGlobalSection
	GlobalSection(ProjectConfigurationPlatforms) = postSolution
		{C4D8ABAA-A775-4A9C-A51F-84AA0C15C9FC}.Debug|Any CPU.ActiveCfg = Debug|Any CPU
		{C4D8ABAA-A775-4A9C-A51F-84AA0C15C9FC}.Debug|Any CPU.Build.0 = Debug|Any CPU
		{C4D8ABAA-A775-4A9C-A51F-84AA0C15C9FC}.Release|Any CPU.ActiveCfg = Release|Any CPU
		{C4D8ABAA-A775-4A9C-A51F-84AA0C15C9FC}.Release|Any CPU.Build.0 = Release|Any CPU
	EndGlobalSection
	GlobalSection(SolutionProperties) = preSolution
		HideSolutionNode = FALSE
	EndGlobalSection
	GlobalSection(ExtensibilityGlobals) = postSolution
		SolutionGuid = {227B7B56-7F56-423A-B060-005C59178944}
	EndGlobalSection
EndGlobal
