
Microsoft Visual Studio Solution File, Format Version 12.00
# Visual Studio Version 17
VisualStudioVersion = 17.14.36401.2 d17.14
MinimumVisualStudioVersion = 10.0.40219.1
Project("{FAE04EC0-301F-11D3-BF4B-00C04F79EFBC}") = "Priority", "Priority.csproj", "{93D5B6DA-FCBB-4AAF-8867-038715139216}"
EndProject
Global
	GlobalSection(SolutionConfigurationPlatforms) = preSolution
		Debug|Any CPU = Debug|Any CPU
		Release|Any CPU = Release|Any CPU
	EndGlobalSection
	GlobalSection(ProjectConfigurationPlatforms) = postSolution
		{93D5B6DA-FCBB-4AAF-8867-038715139216}.Debug|Any CPU.ActiveCfg = Debug|Any CPU
		{93D5B6DA-FCBB-4AAF-8867-038715139216}.Debug|Any CPU.Build.0 = Debug|Any CPU
		{93D5B6DA-FCBB-4AAF-8867-038715139216}.Release|Any CPU.ActiveCfg = Release|Any CPU
		{93D5B6DA-FCBB-4AAF-8867-038715139216}.Release|Any CPU.Build.0 = Release|Any CPU
	EndGlobalSection
	GlobalSection(SolutionProperties) = preSolution
		HideSolutionNode = FALSE
	EndGlobalSection
	GlobalSection(ExtensibilityGlobals) = postSolution
		SolutionGuid = {29C1C297-DEC4-4BAA-98AA-9E96A16CE3C4}
	EndGlobalSection
EndGlobal
