
Microsoft Visual Studio Solution File, Format Version 12.00
# Visual Studio Version 17
VisualStudioVersion = 17.14.36401.2 d17.14
MinimumVisualStudioVersion = 10.0.40219.1
Project("{FAE04EC0-301F-11D3-BF4B-00C04F79EFBC}") = "Session 3", "Session 3.csproj", "{98595166-D3AA-45D2-8372-2F4003A58D8A}"
EndProject
Global
	GlobalSection(SolutionConfigurationPlatforms) = preSolution
		Debug|Any CPU = Debug|Any CPU
		Release|Any CPU = Release|Any CPU
	EndGlobalSection
	GlobalSection(ProjectConfigurationPlatforms) = postSolution
		{98595166-D3AA-45D2-8372-2F4003A58D8A}.Debug|Any CPU.ActiveCfg = Debug|Any CPU
		{98595166-D3AA-45D2-8372-2F4003A58D8A}.Debug|Any CPU.Build.0 = Debug|Any CPU
		{98595166-D3AA-45D2-8372-2F4003A58D8A}.Release|Any CPU.ActiveCfg = Release|Any CPU
		{98595166-D3AA-45D2-8372-2F4003A58D8A}.Release|Any CPU.Build.0 = Release|Any CPU
	EndGlobalSection
	GlobalSection(SolutionProperties) = preSolution
		HideSolutionNode = FALSE
	EndGlobalSection
	GlobalSection(ExtensibilityGlobals) = postSolution
		SolutionGuid = {1EF35E1D-D1D6-4FCB-A2B3-418B7D9973CB}
	EndGlobalSection
EndGlobal
