
Microsoft Visual Studio Solution File, Format Version 12.00
# Visual Studio Version 17
VisualStudioVersion = 17.14.36401.2 d17.14
MinimumVisualStudioVersion = 10.0.40219.1
Project("{FAE04EC0-301F-11D3-BF4B-00C04F79EFBC}") = "FoxGame", "FoxGame.csproj", "{EBBB40F4-0B81-4139-97EC-FE4B6F77CA26}"
EndProject
Global
	GlobalSection(SolutionConfigurationPlatforms) = preSolution
		Debug|Any CPU = Debug|Any CPU
		Release|Any CPU = Release|Any CPU
	EndGlobalSection
	GlobalSection(ProjectConfigurationPlatforms) = postSolution
		{EBBB40F4-0B81-4139-97EC-FE4B6F77CA26}.Debug|Any CPU.ActiveCfg = Debug|Any CPU
		{EBBB40F4-0B81-4139-97EC-FE4B6F77CA26}.Debug|Any CPU.Build.0 = Debug|Any CPU
		{EBBB40F4-0B81-4139-97EC-FE4B6F77CA26}.Release|Any CPU.ActiveCfg = Release|Any CPU
		{EBBB40F4-0B81-4139-97EC-FE4B6F77CA26}.Release|Any CPU.Build.0 = Release|Any CPU
	EndGlobalSection
	GlobalSection(SolutionProperties) = preSolution
		HideSolutionNode = FALSE
	EndGlobalSection
	GlobalSection(ExtensibilityGlobals) = postSolution
		SolutionGuid = {7059AFFE-C33C-467B-BCD6-9C6ACA383052}
	EndGlobalSection
EndGlobal
